// !$*UTF8*$!
{
	archiveVersion = 1;
	classes = {
	};
	objectVersion = 46;
	objects = {

/* Begin PBXBuildFile section */
		6B5BBB561CC4CABE00B2ABC3 /* GoogleService-Info.plist in Resources */ = {isa = PBXBuildFile; fileRef = 6B5BBB551CC4CABE00B2ABC3 /* GoogleService-Info.plist */; };
		6BE3735D1CC0462700FD45EA /* AppDelegate.swift in Sources */ = {isa = PBXBuildFile; fileRef = 6BE3735C1CC0462700FD45EA /* AppDelegate.swift */; };
		6BE3735F1CC0462700FD45EA /* ViewController.swift in Sources */ = {isa = PBXBuildFile; fileRef = 6BE3735E1CC0462700FD45EA /* ViewController.swift */; };
		6BE373621CC0462700FD45EA /* Main.storyboard in Resources */ = {isa = PBXBuildFile; fileRef = 6BE373601CC0462700FD45EA /* Main.storyboard */; };
		6BE373641CC0462700FD45EA /* Assets.xcassets in Resources */ = {isa = PBXBuildFile; fileRef = 6BE373631CC0462700FD45EA /* Assets.xcassets */; };
		6BE373671CC0462700FD45EA /* LaunchScreen.storyboard in Resources */ = {isa = PBXBuildFile; fileRef = 6BE373651CC0462700FD45EA /* LaunchScreen.storyboard */; };
		C2DE01ECA0C611DE981DEF9A /* Pods.framework in Frameworks */ = {isa = PBXBuildFile; fileRef = DE2AAE2C5853459634FCB4A8 /* Pods.framework */; };
/* End PBXBuildFile section */

/* Begin PBXFileReference section */
		39C66334CD10D533394BDC93 /* Pods.release.xcconfig */ = {isa = PBXFileReference; includeInIndex = 1; lastKnownFileType = text.xcconfig; name = Pods.release.xcconfig; path = "Pods/Target Support Files/Pods/Pods.release.xcconfig"; sourceTree = "<group>"; };
		6B5BBB551CC4CABE00B2ABC3 /* GoogleService-Info.plist */ = {isa = PBXFileReference; fileEncoding = 4; lastKnownFileType = text.plist.xml; path = "GoogleService-Info.plist"; sourceTree = "<group>"; };
		6B9AF8241CC055A600475BF5 /* SocialConnect-Bridging-Header.h */ = {isa = PBXFileReference; lastKnownFileType = sourcecode.c.h; path = "SocialConnect-Bridging-Header.h"; sourceTree = "<group>"; };
		6BE373591CC0462700FD45EA /* SocialConnect.app */ = {isa = PBXFileReference; explicitFileType = wrapper.application; includeInIndex = 0; path = SocialConnect.app; sourceTree = BUILT_PRODUCTS_DIR; };
		6BE3735C1CC0462700FD45EA /* AppDelegate.swift */ = {isa = PBXFileReference; lastKnownFileType = sourcecode.swift; path = AppDelegate.swift; sourceTree = "<group>"; };
		6BE3735E1CC0462700FD45EA /* ViewController.swift */ = {isa = PBXFileReference; lastKnownFileType = sourcecode.swift; path = ViewController.swift; sourceTree = "<group>"; };
		6BE373611CC0462700FD45EA /* Base */ = {isa = PBXFileReference; lastKnownFileType = file.storyboard; name = Base; path = Base.lproj/Main.storyboard; sourceTree = "<group>"; };
		6BE373631CC0462700FD45EA /* Assets.xcassets */ = {isa = PBXFileReference; lastKnownFileType = folder.assetcatalog; path = Assets.xcassets; sourceTree = "<group>"; };
		6BE373661CC0462700FD45EA /* Base */ = {isa = PBXFileReference; lastKnownFileType = file.storyboard; name = Base; path = Base.lproj/LaunchScreen.storyboard; sourceTree = "<group>"; };
		6BE373681CC0462700FD45EA /* Info.plist */ = {isa = PBXFileReference; lastKnownFileType = text.plist.xml; path = Info.plist; sourceTree = "<group>"; };
		746D5E87E59DAFA789411DD9 /* Pods.debug.xcconfig */ = {isa = PBXFileReference; includeInIndex = 1; lastKnownFileType = text.xcconfig; name = Pods.debug.xcconfig; path = "Pods/Target Support Files/Pods/Pods.debug.xcconfig"; sourceTree = "<group>"; };
		DE2AAE2C5853459634FCB4A8 /* Pods.framework */ = {isa = PBXFileReference; explicitFileType = wrapper.framework; includeInIndex = 0; path = Pods.framework; sourceTree = BUILT_PRODUCTS_DIR; };
/* End PBXFileReference section */

/* Begin PBXFrameworksBuildPhase section */
		6BE373561CC0462700FD45EA /* Frameworks */ = {
			isa = PBXFrameworksBuildPhase;
			buildActionMask = 2147483647;
			files = (
				C2DE01ECA0C611DE981DEF9A /* Pods.framework in Frameworks */,
			);
			runOnlyForDeploymentPostprocessing = 0;
		};
/* End PBXFrameworksBuildPhase section */

/* Begin PBXGroup section */
		6BE373501CC0462700FD45EA = {
			isa = PBXGroup;
			children = (
				6BE3735B1CC0462700FD45EA /* SocialConnect */,
				6BE3735A1CC0462700FD45EA /* Products */,
				77D2A082DB8924B3F3A062CF /* Pods */,
				E27EAB466039199BE1642A0E /* Frameworks */,
			);
			sourceTree = "<group>";
		};
		6BE3735A1CC0462700FD45EA /* Products */ = {
			isa = PBXGroup;
			children = (
				6BE373591CC0462700FD45EA /* SocialConnect.app */,
			);
			name = Products;
			sourceTree = "<group>";
		};
		6BE3735B1CC0462700FD45EA /* SocialConnect */ = {
			isa = PBXGroup;
			children = (
				6BE3735C1CC0462700FD45EA /* AppDelegate.swift */,
				6BE3735E1CC0462700FD45EA /* ViewController.swift */,
				6BE373601CC0462700FD45EA /* Main.storyboard */,
				6BE373631CC0462700FD45EA /* Assets.xcassets */,
				6B9AF8241CC055A600475BF5 /* SocialConnect-Bridging-Header.h */,
				6BE373651CC0462700FD45EA /* LaunchScreen.storyboard */,
				6BE373681CC0462700FD45EA /* Info.plist */,
				6B5BBB551CC4CABE00B2ABC3 /* GoogleService-Info.plist */,
			);
			path = SocialConnect;
			sourceTree = "<group>";
		};
		77D2A082DB8924B3F3A062CF /* Pods */ = {
			isa = PBXGroup;
			children = (
				746D5E87E59DAFA789411DD9 /* Pods.debug.xcconfig */,
				39C66334CD10D533394BDC93 /* Pods.release.xcconfig */,
			);
			name = Pods;
			sourceTree = "<group>";
		};
		E27EAB466039199BE1642A0E /* Frameworks */ = {
			isa = PBXGroup;
			children = (
				DE2AAE2C5853459634FCB4A8 /* Pods.framework */,
			);
			name = Frameworks;
			sourceTree = "<group>";
		};
/* End PBXGroup section */

/* Begin PBXNativeTarget section */
		6BE373581CC0462700FD45EA /* SocialConnect */ = {
			isa = PBXNativeTarget;
			buildConfigurationList = 6BE3736B1CC0462700FD45EA /* Build configuration list for PBXNativeTarget "SocialConnect" */;
			buildPhases = (
				45D66ADF60E8FB48DCE55245 /* Check Pods Manifest.lock */,
				6BE373551CC0462700FD45EA /* Sources */,
				6BE373561CC0462700FD45EA /* Frameworks */,
				6BE373571CC0462700FD45EA /* Resources */,
				5E35F7378DFB9D027D0E2516 /* Embed Pods Frameworks */,
				72DDF092113D61398D919725 /* Copy Pods Resources */,
			);
			buildRules = (
			);
			dependencies = (
			);
			name = SocialConnect;
			productName = SocialConnect;
			productReference = 6BE373591CC0462700FD45EA /* SocialConnect.app */;
			productType = "com.apple.product-type.application";
		};
/* End PBXNativeTarget section */

/* Begin PBXProject section */
		6BE373511CC0462700FD45EA /* Project object */ = {
			isa = PBXProject;
			attributes = {
				LastSwiftUpdateCheck = 0730;
				LastUpgradeCheck = 0730;
				ORGANIZATIONNAME = "Eric Ho";
				TargetAttributes = {
					6BE373581CC0462700FD45EA = {
						CreatedOnToolsVersion = 7.3;
					};
				};
			};
			buildConfigurationList = 6BE373541CC0462700FD45EA /* Build configuration list for PBXProject "SocialConnect" */;
			compatibilityVersion = "Xcode 3.2";
			developmentRegion = English;
			hasScannedForEncodings = 0;
			knownRegions = (
				en,
				Base,
			);
			mainGroup = 6BE373501CC0462700FD45EA;
			productRefGroup = 6BE3735A1CC0462700FD45EA /* Products */;
			projectDirPath = "";
			projectRoot = "";
			targets = (
				6BE373581CC0462700FD45EA /* SocialConnect */,
			);
		};
/* End PBXProject section */

/* Begin PBXResourcesBuildPhase section */
		6BE373571CC0462700FD45EA /* Resources */ = {
			isa = PBXResourcesBuildPhase;
			buildActionMask = 2147483647;
			files = (
				6BE373671CC0462700FD45EA /* LaunchScreen.storyboard in Resources */,
				6B5BBB561CC4CABE00B2ABC3 /* GoogleService-Info.plist in Resources */,
				6BE373641CC0462700FD45EA /* Assets.xcassets in Resources */,
				6BE373621CC0462700FD45EA /* Main.storyboard in Resources */,
			);
			runOnlyForDeploymentPostprocessing = 0;
		};
/* End PBXResourcesBuildPhase section */

/* Begin PBXShellScriptBuildPhase section */
		45D66ADF60E8FB48DCE55245 /* Check Pods Manifest.lock */ = {
			isa = PBXShellScriptBuildPhase;
			buildActionMask = 2147483647;
			files = (
			);
			inputPaths = (
			);
			name = "Check Pods Manifest.lock";
			outputPaths = (
			);
			runOnlyForDeploymentPostprocessing = 0;
			shellPath = /bin/sh;
			shellScript = "diff \"${PODS_ROOT}/../Podfile.lock\" \"${PODS_ROOT}/Manifest.lock\" > /dev/null\nif [[ $? != 0 ]] ; then\n    cat << EOM\nerror: The sandbox is not in sync with the Podfile.lock. Run 'pod install' or update your CocoaPods installation.\nEOM\n    exit 1\nfi\n";
			showEnvVarsInLog = 0;
		};
		5E35F7378DFB9D027D0E2516 /* Embed Pods Frameworks */ = {
			isa = PBXShellScriptBuildPhase;
			buildActionMask = 2147483647;
			files = (
			);
			inputPaths = (
			);
			name = "Embed Pods Frameworks";
			outputPaths = (
			);
			runOnlyForDeploymentPostprocessing = 0;
			shellPath = /bin/sh;
			shellScript = "\"${SRCROOT}/Pods/Target Support Files/Pods/Pods-frameworks.sh\"\n";
			showEnvVarsInLog = 0;
		};
		72DDF092113D61398D919725 /* Copy Pods Resources */ = {
			isa = PBXShellScriptBuildPhase;
			buildActionMask = 2147483647;
			files = (
			);
			inputPaths = (
			);
			name = "Copy Pods Resources";
			outputPaths = (
			);
			runOnlyForDeploymentPostprocessing = 0;
			shellPath = /bin/sh;
			shellScript = "\"${SRCROOT}/Pods/Target Support Files/Pods/Pods-resources.sh\"\n";
			showEnvVarsInLog = 0;
		};
/* End PBXShellScriptBuildPhase section */

/* Begin PBXSourcesBuildPhase section */
		6BE373551CC0462700FD45EA /* Sources */ = {
			isa = PBXSourcesBuildPhase;
			buildActionMask = 2147483647;
			files = (
				6BE3735F1CC0462700FD45EA /* ViewController.swift in Sources */,
				6BE3735D1CC0462700FD45EA /* AppDelegate.swift in Sources */,
			);
			runOnlyForDeploymentPostprocessing = 0;
		};
/* End PBXSourcesBuildPhase section */

/* Begin PBXVariantGroup section */
		6BE373601CC0462700FD45EA /* Main.storyboard */ = {
			isa = PBXVariantGroup;
			children = (
				6BE373611CC0462700FD45EA /* Base */,
			);
			name = Main.storyboard;
			sourceTree = "<group>";
		};
		6BE373651CC0462700FD45EA /* LaunchScreen.storyboard */ = {
			isa = PBXVariantGroup;
			children = (
				6BE373661CC0462700FD45EA /* Base */,
			);
			name = LaunchScreen.storyboard;
			sourceTree = "<group>";
		};
/* End PBXVariantGroup section */

/* Begin XCBuildConfiguration section */
		6BE373691CC0462700FD45EA /* Debug */ = {
			isa = XCBuildConfiguration;
			buildSettings = {
				ALWAYS_SEARCH_USER_PATHS = NO;
				CLANG_ANALYZER_NONNULL = YES;
				CLANG_CXX_LANGUAGE_STANDARD = "gnu++0x";
				CLANG_CXX_LIBRARY = "libc++";
				CLANG_ENABLE_MODULES = YES;
				CLANG_ENABLE_OBJC_ARC = YES;
				CLANG_WARN_BOOL_CONVERSION = YES;
				CLANG_WARN_CONSTANT_CONVERSION = YES;
				CLANG_WARN_DIRECT_OBJC_ISA_USAGE = YES_ERROR;
				CLANG_WARN_EMPTY_BODY = YES;
				CLANG_WARN_ENUM_CONVERSION = YES;
				CLANG_WARN_INT_CONVERSION = YES;
				CLANG_WARN_OBJC_ROOT_CLASS = YES_ERROR;
				CLANG_WARN_UNREACHABLE_CODE = YES;
				CLANG_WARN__DUPLICATE_METHOD_MATCH = YES;
				"CODE_SIGN_IDENTITY[sdk=iphoneos*]" = "iPhone Developer";
				COPY_PHASE_STRIP = NO;
				DEBUG_INFORMATION_FORMAT = dwarf;
				ENABLE_STRICT_OBJC_MSGSEND = YES;
				ENABLE_TESTABILITY = YES;
				GCC_C_LANGUAGE_STANDARD = gnu99;
				GCC_DYNAMIC_NO_PIC = NO;
				GCC_NO_COMMON_BLOCKS = YES;
				GCC_OPTIMIZATION_LEVEL = 0;
				GCC_PREPROCESSOR_DEFINITIONS = (
					"DEBUG=1",
					"$(inherited)",
				);
				GCC_WARN_64_TO_32_BIT_CONVERSION = YES;
				GCC_WARN_ABOUT_RETURN_TYPE = YES_ERROR;
				GCC_WARN_UNDECLARED_SELECTOR = YES;
				GCC_WARN_UNINITIALIZED_AUTOS = YES_AGGRESSIVE;
				GCC_WARN_UNUSED_FUNCTION = YES;
				GCC_WARN_UNUSED_VARIABLE = YES;
				IPHONEOS_DEPLOYMENT_TARGET = 8.0;
				MTL_ENABLE_DEBUG_INFO = YES;
				ONLY_ACTIVE_ARCH = YES;
				SDKROOT = iphoneos;
				SWIFT_OPTIMIZATION_LEVEL = "-Onone";
				TARGETED_DEVICE_FAMILY = "1,2";
			};
			name = Debug;
		};
		6BE3736A1CC0462700FD45EA /* Release */ = {
			isa = XCBuildConfiguration;
			buildSettings = {
				ALWAYS_SEARCH_USER_PATHS = NO;
				CLANG_ANALYZER_NONNULL = YES;
				CLANG_CXX_LANGUAGE_STANDARD = "gnu++0x";
				CLANG_CXX_LIBRARY = "libc++";
				CLANG_ENABLE_MODULES = YES;
				CLANG_ENABLE_OBJC_ARC = YES;
				CLANG_WARN_BOOL_CONVERSION = YES;
				CLANG_WARN_CONSTANT_CONVERSION = YES;
				CLANG_WARN_DIRECT_OBJC_ISA_USAGE = YES_ERROR;
				CLANG_WARN_EMPTY_BODY = YES;
				CLANG_WARN_ENUM_CONVERSION = YES;
				CLANG_WARN_INT_CONVERSION = YES;
				CLANG_WARN_OBJC_ROOT_CLASS = YES_ERROR;
				CLANG_WARN_UNREACHABLE_CODE = YES;
				CLANG_WARN__DUPLICATE_METHOD_MATCH = YES;
				"CODE_SIGN_IDENTITY[sdk=iphoneos*]" = "iPhone Developer";
				COPY_PHASE_STRIP = NO;
				DEBUG_INFORMATION_FORMAT = "dwarf-with-dsym";
				ENABLE_NS_ASSERTIONS = NO;
				ENABLE_STRICT_OBJC_MSGSEND = YES;
				GCC_C_LANGUAGE_STANDARD = gnu99;
				GCC_NO_COMMON_BLOCKS = YES;
				GCC_WARN_64_TO_32_BIT_CONVERSION = YES;
				GCC_WARN_ABOUT_RETURN_TYPE = YES_ERROR;
				GCC_WARN_UNDECLARED_SELECTOR = YES;
				GCC_WARN_UNINITIALIZED_AUTOS = YES_AGGRESSIVE;
				GCC_WARN_UNUSED_FUNCTION = YES;
				GCC_WARN_UNUSED_VARIABLE = YES;
				IPHONEOS_DEPLOYMENT_TARGET = 8.0;
				MTL_ENABLE_DEBUG_INFO = NO;
				SDKROOT = iphoneos;
				TARGETED_DEVICE_FAMILY = "1,2";
				VALIDATE_PRODUCT = YES;
			};
			name = Release;
		};
		6BE3736C1CC0462700FD45EA /* Debug */ = {
			isa = XCBuildConfiguration;
			baseConfigurationReference = 746D5E87E59DAFA789411DD9 /* Pods.debug.xcconfig */;
			buildSettings = {
				ASSETCATALOG_COMPILER_APPICON_NAME = AppIcon;
				INFOPLIST_FILE = SocialConnect/Info.plist;
				IPHONEOS_DEPLOYMENT_TARGET = 8.0;
				LD_RUNPATH_SEARCH_PATHS = "$(inherited) @executable_path/Frameworks";
				PRODUCT_BUNDLE_IDENTIFIER = com.hypebeast.app;
				PRODUCT_NAME = "$(TARGET_NAME)";
				SWIFT_OBJC_BRIDGING_HEADER = "SocialConnect/SocialConnect-Bridging-Header.h";
			};
			name = Debug;
		};
		6BE3736D1CC0462700FD45EA /* Release */ = {
			isa = XCBuildConfiguration;
			baseConfigurationReference = 39C66334CD10D533394BDC93 /* Pods.release.xcconfig */;
			buildSettings = {
				ASSETCATALOG_COMPILER_APPICON_NAME = AppIcon;
				INFOPLIST_FILE = SocialConnect/Info.plist;
				IPHONEOS_DEPLOYMENT_TARGET = 8.0;
				LD_RUNPATH_SEARCH_PATHS = "$(inherited) @executable_path/Frameworks";
				PRODUCT_BUNDLE_IDENTIFIER = com.hypebeast.app;
				PRODUCT_NAME = "$(TARGET_NAME)";
				SWIFT_OBJC_BRIDGING_HEADER = "SocialConnect/SocialConnect-Bridging-Header.h";
			};
			name = Release;
		};
/* End XCBuildConfiguration section */

/* Begin XCConfigurationList section */
		6BE373541CC0462700FD45EA /* Build configuration list for PBXProject "SocialConnect" */ = {
			isa = XCConfigurationList;
			buildConfigurations = (
				6BE373691CC0462700FD45EA /* Debug */,
				6BE3736A1CC0462700FD45EA /* Release */,
			);
			defaultConfigurationIsVisible = 0;
			defaultConfigurationName = Release;
		};
		6BE3736B1CC0462700FD45EA /* Build configuration list for PBXNativeTarget "SocialConnect" */ = {
			isa = XCConfigurationList;
			buildConfigurations = (
				6BE3736C1CC0462700FD45EA /* Debug */,
				6BE3736D1CC0462700FD45EA /* Release */,
			);
			defaultConfigurationIsVisible = 0;
			defaultConfigurationName = Release;
		};
/* End XCConfigurationList section */
	};
	rootObject = 6BE373511CC0462700FD45EA /* Project object */;
}
